Microsoft Visual Studio Solution File, Format Version 12.00
# Visual Studio Version 16
VisualStudioVersion = 16.0.0.0
MinimumVisualStudioVersion = 16.0.0.0
Project("{9A19103F-16F7-4668-BE54-9A1E7A4F7556}") = "GolfStatsApp.Server", "Server\GolfStatsApp.Server.csproj", "{535C01B5-4CEF-4615-A2E3-F718B87A7A00}"
EndProject
Project("{9A19103F-16F7-4668-BE54-9A1E7A4F7556}") = "GolfStatsApp.Client", "Client\GolfStatsApp.Client.csproj", "{C1AAAFED-422C-4CC7-A418-765F13917E79}"
EndProject
Project("{9A19103F-16F7-4668-BE54-9A1E7A4F7556}") = "GolfStatsApp.Shared", "Shared\GolfStatsApp.Shared.csproj", "{9C621776-60F6-46A5-B3DD-B2BB08C329C4}"
EndProject
Global
	GlobalSection(SolutionConfigurationPlatforms) = preSolution
		Debug|Any CPU = Debug|Any CPU
		Debug|x64 = Debug|x64
		Debug|x86 = Debug|x86
		Release|Any CPU = Release|Any CPU
		Release|x64 = Release|x64
		Release|x86 = Release|x86
	EndGlobalSection
	GlobalSection(ProjectConfigurationPlatforms) = postSolution
		{C1AAAFED-422C-4CC7-A418-765F13917E79}.Debug|Any CPU.ActiveCfg = Debug|Any CPU
		{C1AAAFED-422C-4CC7-A418-765F13917E79}.Debug|Any CPU.Build.0 = Debug|Any CPU
		{C1AAAFED-422C-4CC7-A418-765F13917E79}.Debug|x64.ActiveCfg = Debug|Any CPU
		{C1AAAFED-422C-4CC7-A418-765F13917E79}.Debug|x64.Build.0 = Debug|Any CPU
		{C1AAAFED-422C-4CC7-A418-765F13917E79}.Debug|x86.ActiveCfg = Debug|Any CPU
		{C1AAAFED-422C-4CC7-A418-765F13917E79}.Debug|x86.Build.0 = Debug|Any CPU
		{C1AAAFED-422C-4CC7-A418-765F13917E79}.Release|Any CPU.ActiveCfg = Release|Any CPU
		{C1AAAFED-422C-4CC7-A418-765F13917E79}.Release|Any CPU.Build.0 = Release|Any CPU
		{C1AAAFED-422C-4CC7-A418-765F13917E79}.Release|x64.ActiveCfg = Release|Any CPU
		{C1AAAFED-422C-4CC7-A418-765F13917E79}.Release|x64.Build.0 = Release|Any CPU
		{C1AAAFED-422C-4CC7-A418-765F13917E79}.Release|x86.ActiveCfg = Release|Any CPU
		{C1AAAFED-422C-4CC7-A418-765F13917E79}.Release|x86.Build.0 = Release|Any CPU
		{535C01B5-4CEF-4615-A2E3-F718B87A7A00}.Debug|Any CPU.ActiveCfg = Debug|Any CPU
		{535C01B5-4CEF-4615-A2E3-F718B87A7A00}.Debug|Any CPU.Build.0 = Debug|Any CPU
		{535C01B5-4CEF-4615-A2E3-F718B87A7A00}.Debug|x64.ActiveCfg = Debug|Any CPU
		{535C01B5-4CEF-4615-A2E3-F718B87A7A00}.Debug|x64.Build.0 = Debug|Any CPU
		{535C01B5-4CEF-4615-A2E3-F718B87A7A00}.Debug|x86.ActiveCfg = Debug|Any CPU
		{535C01B5-4CEF-4615-A2E3-F718B87A7A00}.Debug|x86.Build.0 = Debug|Any CPU
		{535C01B5-4CEF-4615-A2E3-F718B87A7A00}.Release|Any CPU.ActiveCfg = Release|Any CPU
		{535C01B5-4CEF-4615-A2E3-F718B87A7A00}.Release|Any CPU.Build.0 = Release|Any CPU
		{535C01B5-4CEF-4615-A2E3-F718B87A7A00}.Release|x64.ActiveCfg = Release|Any CPU
		{535C01B5-4CEF-4615-A2E3-F718B87A7A00}.Release|x64.Build.0 = Release|Any CPU
		{535C01B5-4CEF-4615-A2E3-F718B87A7A00}.Release|x86.ActiveCfg = Release|Any CPU
		{535C01B5-4CEF-4615-A2E3-F718B87A7A00}.Release|x86.Build.0 = Release|Any CPU
		{9C621776-60F6-46A5-B3DD-B2BB08C329C4}.Debug|Any CPU.ActiveCfg = Debug|Any CPU
		{9C621776-60F6-46A5-B3DD-B2BB08C329C4}.Debug|Any CPU.Build.0 = Debug|Any CPU
		{9C621776-60F6-46A5-B3DD-B2BB08C329C4}.Debug|x64.ActiveCfg = Debug|Any CPU
		{9C621776-60F6-46A5-B3DD-B2BB08C329C4}.Debug|x64.Build.0 = Debug|Any CPU
		{9C621776-60F6-46A5-B3DD-B2BB08C329C4}.Debug|x86.ActiveCfg = Debug|Any CPU
		{9C621776-60F6-46A5-B3DD-B2BB08C329C4}.Debug|x86.Build.0 = Debug|Any CPU
		{9C621776-60F6-46A5-B3DD-B2BB08C329C4}.Release|Any CPU.ActiveCfg = Release|Any CPU
		{9C621776-60F6-46A5-B3DD-B2BB08C329C4}.Release|Any CPU.Build.0 = Release|Any CPU
		{9C621776-60F6-46A5-B3DD-B2BB08C329C4}.Release|x64.ActiveCfg = Release|Any CPU
		{9C621776-60F6-46A5-B3DD-B2BB08C329C4}.Release|x64.Build.0 = Release|Any CPU
		{9C621776-60F6-46A5-B3DD-B2BB08C329C4}.Release|x86.ActiveCfg = Release|Any CPU
		{9C621776-60F6-46A5-B3DD-B2BB08C329C4}.Release|x86.Build.0 = Release|Any CPU
	EndGlobalSection
	GlobalSection(SolutionProperties) = preSolution
		HideSolutionNode = FALSE
	EndGlobalSection
	GlobalSection(ExtensibilityGlobals) = postSolution
		SolutionGuid = {A2350AE4-3376-4E69-8197-3D5A660FB554}
	EndGlobalSection
EndGlobal