<Solution>
  <Configurations>
    <Platform Name="Any CPU" />
    <Platform Name="x64" />
    <Platform Name="x86" />
  </Configurations>
  <Project Path="Client/GolfStatsApp.Client.csproj" />
  <Project Path="Server/GolfStatsApp.Server.csproj" />
  <Project Path="Shared/GolfStatsApp.Shared.csproj" />
</Solution>
